
Microsoft Visual Studio Solution File, Format Version 12.00
# Visual Studio 15
VisualStudioVersion = 15.0.28307.421
MinimumVisualStudioVersion = 10.0.40219.1
Project("{FAE04EC0-301F-11D3-BF4B-00C04F79EFBC}") = "VEIS.Plugins", "VEIS.Plugins.csproj", "{2E57958D-01BE-4801-9BF5-CF7BCD72BF45}"
EndProject
Project("{FAE04EC0-301F-11D3-BF4B-00C04F79EFBC}") = "VEIS.Assets", "MVIPersonSearchAssets\VEIS.Assets.csproj", "{567FEACB-CCAF-46C6-9DFB-5EFA2DBDBE81}"
EndProject
Project("{FAE04EC0-301F-11D3-BF4B-00C04F79EFBC}") = "VEIS.Plugins.Test", "MVIPersonSearchPlugin.Tests\VEIS.Plugins.Test.csproj", "{DD4BA3D5-7B0B-4776-816C-8D64F2730AD1}"
EndProject
Project("{FAE04EC0-301F-11D3-BF4B-00C04F79EFBC}") = "EmrServiceTest", "EmrServiceTest\EmrServiceTest.csproj", "{DAED66DB-1336-4072-BF23-651C1CA57185}"
EndProject
Project("{FAE04EC0-301F-11D3-BF4B-00C04F79EFBC}") = "VCCM.VistA.Actions", "VistA.Actions\VCCM.VistA.Actions.csproj", "{DB3094C7-3772-43CD-9616-219CC0CDD934}"
EndProject
Global
	GlobalSection(SolutionConfigurationPlatforms) = preSolution
		Debug|Any CPU = Debug|Any CPU
		Release|Any CPU = Release|Any CPU
	EndGlobalSection
	GlobalSection(ProjectConfigurationPlatforms) = postSolution
		{2E57958D-01BE-4801-9BF5-CF7BCD72BF45}.Debug|Any CPU.ActiveCfg = Debug|Any CPU
		{2E57958D-01BE-4801-9BF5-CF7BCD72BF45}.Debug|Any CPU.Build.0 = Debug|Any CPU
		{2E57958D-01BE-4801-9BF5-CF7BCD72BF45}.Release|Any CPU.ActiveCfg = Release|Any CPU
		{2E57958D-01BE-4801-9BF5-CF7BCD72BF45}.Release|Any CPU.Build.0 = Release|Any CPU
		{567FEACB-CCAF-46C6-9DFB-5EFA2DBDBE81}.Debug|Any CPU.ActiveCfg = Debug|Any CPU
		{567FEACB-CCAF-46C6-9DFB-5EFA2DBDBE81}.Debug|Any CPU.Build.0 = Debug|Any CPU
		{567FEACB-CCAF-46C6-9DFB-5EFA2DBDBE81}.Release|Any CPU.ActiveCfg = Release|Any CPU
		{567FEACB-CCAF-46C6-9DFB-5EFA2DBDBE81}.Release|Any CPU.Build.0 = Release|Any CPU
		{DD4BA3D5-7B0B-4776-816C-8D64F2730AD1}.Debug|Any CPU.ActiveCfg = Debug|Any CPU
		{DD4BA3D5-7B0B-4776-816C-8D64F2730AD1}.Debug|Any CPU.Build.0 = Debug|Any CPU
		{DD4BA3D5-7B0B-4776-816C-8D64F2730AD1}.Release|Any CPU.ActiveCfg = Release|Any CPU
		{DD4BA3D5-7B0B-4776-816C-8D64F2730AD1}.Release|Any CPU.Build.0 = Release|Any CPU
		{DAED66DB-1336-4072-BF23-651C1CA57185}.Debug|Any CPU.ActiveCfg = Debug|Any CPU
		{DAED66DB-1336-4072-BF23-651C1CA57185}.Debug|Any CPU.Build.0 = Debug|Any CPU
		{DAED66DB-1336-4072-BF23-651C1CA57185}.Release|Any CPU.ActiveCfg = Release|Any CPU
		{DAED66DB-1336-4072-BF23-651C1CA57185}.Release|Any CPU.Build.0 = Release|Any CPU
		{DB3094C7-3772-43CD-9616-219CC0CDD934}.Debug|Any CPU.ActiveCfg = Debug|Any CPU
		{DB3094C7-3772-43CD-9616-219CC0CDD934}.Debug|Any CPU.Build.0 = Debug|Any CPU
		{DB3094C7-3772-43CD-9616-219CC0CDD934}.Release|Any CPU.ActiveCfg = Release|Any CPU
		{DB3094C7-3772-43CD-9616-219CC0CDD934}.Release|Any CPU.Build.0 = Release|Any CPU
	EndGlobalSection
	GlobalSection(SolutionProperties) = preSolution
		HideSolutionNode = FALSE
	EndGlobalSection
	GlobalSection(ExtensibilityGlobals) = postSolution
		SolutionGuid = {2C9609DB-A499-48EA-B25C-8DD116B2305B}
	EndGlobalSection
EndGlobal
